
Microsoft Visual Studio Solution File, Format Version 12.00
# Visual Studio Version 17
VisualStudioVersion = 17.0.31903.59
MinimumVisualStudioVersion = 10.0.40219.1
Project("{FAE04EC0-301F-11D3-BF4B-00C04F79EFBC}") = "BlazingPizzaApp.Client", "BlazingPizzaApp.Client\BlazingPizzaApp.Client.csproj", "{9B1382C3-A5E2-4CE0-A597-95C5EF4926B7}"
EndProject
Project("{FAE04EC0-301F-11D3-BF4B-00C04F79EFBC}") = "BlazingPizzaApp.Server", "BlazingPizzaApp.Server\BlazingPizzaApp.Server.csproj", "{289679BE-38B1-4EAA-A58E-6AA39B17EC39}"
EndProject
Project("{FAE04EC0-301F-11D3-BF4B-00C04F79EFBC}") = "BlazingPizzaApp.Shared", "BlazingPizzaApp.Shared\BlazingPizzaApp.Shared.csproj", "{D34577BD-57D4-4383-B06A-5AFF442AA1C7}"
EndProject
Global
	GlobalSection(SolutionConfigurationPlatforms) = preSolution
		Debug|Any CPU = Debug|Any CPU
		Release|Any CPU = Release|Any CPU
	EndGlobalSection
	GlobalSection(SolutionProperties) = preSolution
		HideSolutionNode = FALSE
	EndGlobalSection
	GlobalSection(ProjectConfigurationPlatforms) = postSolution
		{9B1382C3-A5E2-4CE0-A597-95C5EF4926B7}.Debug|Any CPU.ActiveCfg = Debug|Any CPU
		{9B1382C3-A5E2-4CE0-A597-95C5EF4926B7}.Debug|Any CPU.Build.0 = Debug|Any CPU
		{9B1382C3-A5E2-4CE0-A597-95C5EF4926B7}.Release|Any CPU.ActiveCfg = Release|Any CPU
		{9B1382C3-A5E2-4CE0-A597-95C5EF4926B7}.Release|Any CPU.Build.0 = Release|Any CPU
		{289679BE-38B1-4EAA-A58E-6AA39B17EC39}.Debug|Any CPU.ActiveCfg = Debug|Any CPU
		{289679BE-38B1-4EAA-A58E-6AA39B17EC39}.Debug|Any CPU.Build.0 = Debug|Any CPU
		{289679BE-38B1-4EAA-A58E-6AA39B17EC39}.Release|Any CPU.ActiveCfg = Release|Any CPU
		{289679BE-38B1-4EAA-A58E-6AA39B17EC39}.Release|Any CPU.Build.0 = Release|Any CPU
		{D34577BD-57D4-4383-B06A-5AFF442AA1C7}.Debug|Any CPU.ActiveCfg = Debug|Any CPU
		{D34577BD-57D4-4383-B06A-5AFF442AA1C7}.Debug|Any CPU.Build.0 = Debug|Any CPU
		{D34577BD-57D4-4383-B06A-5AFF442AA1C7}.Release|Any CPU.ActiveCfg = Release|Any CPU
		{D34577BD-57D4-4383-B06A-5AFF442AA1C7}.Release|Any CPU.Build.0 = Release|Any CPU
	EndGlobalSection
EndGlobal
